
Microsoft Visual Studio Solution File, Format Version 12.00
# Visual Studio 15
VisualStudioVersion = 15.0.27130.2027
MinimumVisualStudioVersion = 10.0.40219.1
Project("{FAE04EC0-301F-11D3-BF4B-00C04F79EFBC}") = "MemoryChat.Server", "MemoryChat.Server\MemoryChat.Server.csproj", "{130621E0-5FE8-48FB-BC50-3B946A14EFFB}"
EndProject
Project("{FAE04EC0-301F-11D3-BF4B-00C04F79EFBC}") = "MemoryChat.Client", "MemoryChat.Client\MemoryChat.Client.csproj", "{B3713787-3CE2-46EC-8F95-52151981CC3C}"
EndProject
Project("{FAE04EC0-301F-11D3-BF4B-00C04F79EFBC}") = "MemoryChat.Grains", "MemoryChat.Grains\MemoryChat.Grains.csproj", "{DA221AF0-6E68-4B25-BFD8-1965F5A87310}"
EndProject
Project("{FAE04EC0-301F-11D3-BF4B-00C04F79EFBC}") = "MemoryChat.Utils", "MemoryChat.Utils\MemoryChat.Utils.csproj", "{D3DB50AB-96D3-4A4B-BEF3-1F0F7607DF6E}"
EndProject
Global
	GlobalSection(SolutionConfigurationPlatforms) = preSolution
		Debug|Any CPU = Debug|Any CPU
		Release|Any CPU = Release|Any CPU
	EndGlobalSection
	GlobalSection(ProjectConfigurationPlatforms) = postSolution
		{130621E0-5FE8-48FB-BC50-3B946A14EFFB}.Debug|Any CPU.ActiveCfg = Debug|Any CPU
		{130621E0-5FE8-48FB-BC50-3B946A14EFFB}.Debug|Any CPU.Build.0 = Debug|Any CPU
		{130621E0-5FE8-48FB-BC50-3B946A14EFFB}.Release|Any CPU.ActiveCfg = Release|Any CPU
		{130621E0-5FE8-48FB-BC50-3B946A14EFFB}.Release|Any CPU.Build.0 = Release|Any CPU
		{B3713787-3CE2-46EC-8F95-52151981CC3C}.Debug|Any CPU.ActiveCfg = Debug|Any CPU
		{B3713787-3CE2-46EC-8F95-52151981CC3C}.Debug|Any CPU.Build.0 = Debug|Any CPU
		{B3713787-3CE2-46EC-8F95-52151981CC3C}.Release|Any CPU.ActiveCfg = Release|Any CPU
		{B3713787-3CE2-46EC-8F95-52151981CC3C}.Release|Any CPU.Build.0 = Release|Any CPU
		{DA221AF0-6E68-4B25-BFD8-1965F5A87310}.Debug|Any CPU.ActiveCfg = Debug|Any CPU
		{DA221AF0-6E68-4B25-BFD8-1965F5A87310}.Debug|Any CPU.Build.0 = Debug|Any CPU
		{DA221AF0-6E68-4B25-BFD8-1965F5A87310}.Release|Any CPU.ActiveCfg = Release|Any CPU
		{DA221AF0-6E68-4B25-BFD8-1965F5A87310}.Release|Any CPU.Build.0 = Release|Any CPU
		{D3DB50AB-96D3-4A4B-BEF3-1F0F7607DF6E}.Debug|Any CPU.ActiveCfg = Debug|Any CPU
		{D3DB50AB-96D3-4A4B-BEF3-1F0F7607DF6E}.Debug|Any CPU.Build.0 = Debug|Any CPU
		{D3DB50AB-96D3-4A4B-BEF3-1F0F7607DF6E}.Release|Any CPU.ActiveCfg = Release|Any CPU
		{D3DB50AB-96D3-4A4B-BEF3-1F0F7607DF6E}.Release|Any CPU.Build.0 = Release|Any CPU
	EndGlobalSection
	GlobalSection(SolutionProperties) = preSolution
		HideSolutionNode = FALSE
	EndGlobalSection
	GlobalSection(ExtensibilityGlobals) = postSolution
		SolutionGuid = {9491878E-2C9D-49AC-967C-552D091A6AE7}
	EndGlobalSection
EndGlobal
